
Microsoft Visual Studio Solution File, Format Version 12.00
# Visual Studio Version 17
VisualStudioVersion = 17.11.35219.272
MinimumVisualStudioVersion = 10.0.40219.1
Project("{FAE04EC0-301F-11D3-BF4B-00C04F79EFBC}") = "TestApplication", "TestApplication.csproj", "{066040F7-0C9F-49D7-BD20-CDA8AE4D88AD}"
EndProject
Global
	GlobalSection(SolutionConfigurationPlatforms) = preSolution
		Debug|Any CPU = Debug|Any CPU
		Release|Any CPU = Release|Any CPU
	EndGlobalSection
	GlobalSection(ProjectConfigurationPlatforms) = postSolution
		{066040F7-0C9F-49D7-BD20-CDA8AE4D88AD}.Debug|Any CPU.ActiveCfg = Debug|Any CPU
		{066040F7-0C9F-49D7-BD20-CDA8AE4D88AD}.Debug|Any CPU.Build.0 = Debug|Any CPU
		{066040F7-0C9F-49D7-BD20-CDA8AE4D88AD}.Release|Any CPU.ActiveCfg = Release|Any CPU
		{066040F7-0C9F-49D7-BD20-CDA8AE4D88AD}.Release|Any CPU.Build.0 = Release|Any CPU
	EndGlobalSection
	GlobalSection(SolutionProperties) = preSolution
		HideSolutionNode = FALSE
	EndGlobalSection
	GlobalSection(ExtensibilityGlobals) = postSolution
		SolutionGuid = {70004B10-D028-409A-B659-9C0D1666E5CA}
	EndGlobalSection
EndGlobal
